
Microsoft Visual Studio Solution File, Format Version 12.00
# Visual Studio Version 17
VisualStudioVersion = 17.14.36221.1
MinimumVisualStudioVersion = 10.0.40219.1
Project("{FAE04EC0-301F-11D3-BF4B-00C04F79EFBC}") = "TestingSystem.Wpf", "TestingSystem.Wpf\TestingSystem.Wpf.csproj", "{7997B75D-65E2-4DFD-B67B-0D3836E2A313}"
EndProject
Project("{FAE04EC0-301F-11D3-BF4B-00C04F79EFBC}") = "TestingSystem.Core", "TestingSystem.Core\TestingSystem.Core.csproj", "{71F8B45C-6A2B-45B5-AA52-EA52D213C677}"
EndProject
Project("{FAE04EC0-301F-11D3-BF4B-00C04F79EFBC}") = "TestingSystem.Data.Sqlite", "TestingSystem.Data.Sqlite\TestingSystem.Data.Sqlite.csproj", "{086CA298-AA17-4454-AF7B-C9265832EF46}"
EndProject
Global
	GlobalSection(SolutionConfigurationPlatforms) = preSolution
		Debug|Any CPU = Debug|Any CPU
		Release|Any CPU = Release|Any CPU
	EndGlobalSection
	GlobalSection(ProjectConfigurationPlatforms) = postSolution
		{7997B75D-65E2-4DFD-B67B-0D3836E2A313}.Debug|Any CPU.ActiveCfg = Debug|Any CPU
		{7997B75D-65E2-4DFD-B67B-0D3836E2A313}.Debug|Any CPU.Build.0 = Debug|Any CPU
		{7997B75D-65E2-4DFD-B67B-0D3836E2A313}.Release|Any CPU.ActiveCfg = Release|Any CPU
		{7997B75D-65E2-4DFD-B67B-0D3836E2A313}.Release|Any CPU.Build.0 = Release|Any CPU
		{71F8B45C-6A2B-45B5-AA52-EA52D213C677}.Debug|Any CPU.ActiveCfg = Debug|Any CPU
		{71F8B45C-6A2B-45B5-AA52-EA52D213C677}.Debug|Any CPU.Build.0 = Debug|Any CPU
		{71F8B45C-6A2B-45B5-AA52-EA52D213C677}.Release|Any CPU.ActiveCfg = Release|Any CPU
		{71F8B45C-6A2B-45B5-AA52-EA52D213C677}.Release|Any CPU.Build.0 = Release|Any CPU
		{086CA298-AA17-4454-AF7B-C9265832EF46}.Debug|Any CPU.ActiveCfg = Debug|Any CPU
		{086CA298-AA17-4454-AF7B-C9265832EF46}.Debug|Any CPU.Build.0 = Debug|Any CPU
		{086CA298-AA17-4454-AF7B-C9265832EF46}.Release|Any CPU.ActiveCfg = Release|Any CPU
		{086CA298-AA17-4454-AF7B-C9265832EF46}.Release|Any CPU.Build.0 = Release|Any CPU
	EndGlobalSection
	GlobalSection(SolutionProperties) = preSolution
		HideSolutionNode = FALSE
	EndGlobalSection
	GlobalSection(ExtensibilityGlobals) = postSolution
		SolutionGuid = {E707FC09-29E6-4E8F-8131-1ED01E8A8264}
	EndGlobalSection
EndGlobal
